
Microsoft Visual Studio Solution File, Format Version 12.00
# Visual Studio Version 16
VisualStudioVersion = 16.0.31005.135
MinimumVisualStudioVersion = 10.0.40219.1
Project("{FAE04EC0-301F-11D3-BF4B-00C04F79EFBC}") = "Exercicio", "Exercicio.csproj", "{63CB935F-873A-4C78-97B3-EC0A9F9BEF1C}"
EndProject
Global
	GlobalSection(SolutionConfigurationPlatforms) = preSolution
		Debug|Any CPU = Debug|Any CPU
		Release|Any CPU = Release|Any CPU
	EndGlobalSection
	GlobalSection(ProjectConfigurationPlatforms) = postSolution
		{63CB935F-873A-4C78-97B3-EC0A9F9BEF1C}.Debug|Any CPU.ActiveCfg = Debug|Any CPU
		{63CB935F-873A-4C78-97B3-EC0A9F9BEF1C}.Debug|Any CPU.Build.0 = Debug|Any CPU
		{63CB935F-873A-4C78-97B3-EC0A9F9BEF1C}.Release|Any CPU.ActiveCfg = Release|Any CPU
		{63CB935F-873A-4C78-97B3-EC0A9F9BEF1C}.Release|Any CPU.Build.0 = Release|Any CPU
	EndGlobalSection
	GlobalSection(SolutionProperties) = preSolution
		HideSolutionNode = FALSE
	EndGlobalSection
	GlobalSection(ExtensibilityGlobals) = postSolution
		SolutionGuid = {E29FD3F3-9FAD-4918-85BE-A9871332805C}
	EndGlobalSection
EndGlobal
